<Solution>
  <Folder Name="/docs/">
    <File Path="docs/README.md" />
    <File Path="docs/acknowledgements.md" />
    <File Path="docs/architecture.md" />
    <File Path="docs/build.md" />
    <File Path="docs/docs-for-spreading.md" />
    <File Path="docs/documentation-todo.md" />
    <File Path="docs/implementation-gaps.md" />
    <File Path="docs/missing-specs.md" />
    <File Path="docs/nuget.md" />
    <File Path="docs/publishing.md" />
    <File Path="docs/repository-layout.md" />
  </Folder>
  <Folder Name="/docs/agents/">
    <File Path="docs/agents/README.md" />
    <File Path="docs/agents/documentation-checklist-subagents.md" />
  </Folder>
  <Folder Name="/docs/agents/documentation-checklist/">
    <File Path="docs/agents/documentation-checklist/README.md" />
    <File Path="docs/agents/documentation-checklist/parent-orchestration.md" />
    <File Path="docs/agents/documentation-checklist/shard-s1-meta.md" />
    <File Path="docs/agents/documentation-checklist/shard-s2-platform.md" />
    <File Path="docs/agents/documentation-checklist/shard-s3-language-pipeline.md" />
    <File Path="docs/agents/documentation-checklist/shard-s4-runtime-tooling.md" />
    <File Path="docs/agents/documentation-checklist/shard-s5-hosts-debugger.md" />
    <File Path="docs/agents/documentation-checklist/shard-s6-gaps.md" />
  </Folder>
  <Folder Name="/docs/architecture/">
    <File Path="docs/architecture/dependency-injection.md" />
    <File Path="docs/architecture/dependency-rules.md" />
    <File Path="docs/architecture/io-abstractions.md" />
    <File Path="docs/architecture/io-workspace-overview.md" />
    <File Path="docs/architecture/pipeline-boundaries.md" />
    <File Path="docs/architecture/runtime-hosts.md" />
    <File Path="docs/architecture/solution-structure.md" />
    <File Path="docs/architecture/workspace-model.md" />
  </Folder>
  <Folder Name="/docs/compiler/">
    <File Path="docs/compiler/compilation-pipeline.md" />
    <File Path="docs/compiler/diagnostics.md" />
    <File Path="docs/compiler/il-generation.md" />
    <File Path="docs/compiler/lexical-analysis.md" />
    <File Path="docs/compiler/parsing.md" />
    <File Path="docs/compiler/semantic-analysis.md" />
    <File Path="docs/compiler/syntax-to-il-lowering.md" />
    <File Path="docs/compiler/syntax-tree.md" />
    <File Path="docs/compiler/v1-compiler-spec.md" />
  </Folder>
  <Folder Name="/docs/debugger/">
    <File Path="docs/debugger/breakpoints.md" />
    <File Path="docs/debugger/debugger-architecture.md" />
    <File Path="docs/debugger/metrics-view.md" />
    <File Path="docs/debugger/state-inspection.md" />
    <File Path="docs/debugger/stepping.md" />
  </Folder>
  <Folder Name="/docs/diagrams/">
    <File Path="docs/diagrams/README.md" />
    <File Path="docs/diagrams/layer-map.md" />
    <File Path="docs/diagrams/nuget-references.md" />
    <File Path="docs/diagrams/project-references.md" />
  </Folder>
  <Folder Name="/docs/diagrams/architecture/">
    <File Path="docs/diagrams/architecture/notes.md" />
  </Folder>
  <Folder Name="/docs/governance/">
    <File Path="docs/governance/dependency-policy.md" />
    <File Path="docs/governance/design-principles.md" />
    <File Path="docs/governance/implementation-order.md" />
    <File Path="docs/governance/mission.md" />
  </Folder>
  <Folder Name="/docs/io/">
    <File Path="docs/io/README.md" />
    <File Path="docs/io/canonical-abstractions.md" />
    <File Path="docs/io/helpers-and-errors.md" />
    <File Path="docs/io/in-memory-storage.md" />
    <File Path="docs/io/optional-storage-seam.md" />
    <File Path="docs/io/overlay-storage.md" />
    <File Path="docs/io/physical-storage.md" />
    <File Path="docs/io/principles.md" />
  </Folder>
  <Folder Name="/docs/language/">
    <File Path="docs/language/README.md" />
    <File Path="docs/language/arrays.md" />
    <File Path="docs/language/built-in-functions.md" />
    <File Path="docs/language/expressions.md" />
    <File Path="docs/language/functions.md" />
    <File Path="docs/language/language-overview.md" />
    <File Path="docs/language/lexer.md" />
    <File Path="docs/language/parser.md" />
    <File Path="docs/language/project-layout.md" />
    <File Path="docs/language/public-api.md" />
    <File Path="docs/language/source-model.md" />
    <File Path="docs/language/statements.md" />
    <File Path="docs/language/syntax-kinds-and-facts.md" />
    <File Path="docs/language/syntax-tree.md" />
    <File Path="docs/language/syntax.md" />
    <File Path="docs/language/tokens.md" />
    <File Path="docs/language/types.md" />
  </Folder>
  <Folder Name="/docs/lessons/">
    <File Path="docs/lessons/README.md" />
    <File Path="docs/lessons/builtin-profiles.md" />
    <File Path="docs/lessons/content-packs-sessions-and-metrics.md" />
    <File Path="docs/lessons/goals-and-evaluation.md" />
    <File Path="docs/lessons/json-formats.md" />
    <File Path="docs/lessons/lesson-model.md" />
  </Folder>
  <Folder Name="/docs/player/">
    <File Path="docs/player/README.md" />
  </Folder>
  <Folder Name="/docs/rendering/">
    <File Path="docs/rendering/README.md" />
    <File Path="docs/rendering/ascii-renderer.md" />
    <File Path="docs/rendering/render-projection.md" />
    <File Path="docs/rendering/sprite-renderer.md" />
  </Folder>
  <Folder Name="/docs/runtime/">
    <File Path="docs/runtime/error-handling.md" />
    <File Path="docs/runtime/execution-model.md" />
    <File Path="docs/runtime/il-instruction-set.md" />
    <File Path="docs/runtime/interpreter.md" />
    <File Path="docs/runtime/runtime-state.md" />
    <File Path="docs/runtime/standard-output.md" />
    <File Path="docs/runtime/v1-runtime-spec.md" />
  </Folder>
  <Folder Name="/docs/semantics/">
    <File Path="docs/semantics/README.md" />
    <File Path="docs/semantics/arrays.md" />
    <File Path="docs/semantics/binding-and-bound-tree.md" />
    <File Path="docs/semantics/builtins-and-profiles.md" />
    <File Path="docs/semantics/control-flow-and-conditions.md" />
    <File Path="docs/semantics/conversions.md" />
    <File Path="docs/semantics/diagnostics.md" />
    <File Path="docs/semantics/operators.md" />
    <File Path="docs/semantics/overview.md" />
    <File Path="docs/semantics/project-layout.md" />
    <File Path="docs/semantics/public-api.md" />
    <File Path="docs/semantics/semantic-model-output.md" />
    <File Path="docs/semantics/summary.md" />
    <File Path="docs/semantics/symbols-and-scopes.md" />
    <File Path="docs/semantics/type-system.md" />
  </Folder>
  <Folder Name="/docs/studio/">
    <File Path="docs/studio/README.md" />
    <File Path="docs/studio/build-and-analysis.md" />
    <File Path="docs/studio/composition-and-domain.md" />
    <File Path="docs/studio/editor-behavior.md" />
    <File Path="docs/studio/extensibility.md" />
    <File Path="docs/studio/general-specs.md" />
    <File Path="docs/studio/ide-layout.md" />
    <File Path="docs/studio/inspection-panels.md" />
    <File Path="docs/studio/lesson-profiles.md" />
    <File Path="docs/studio/menus-and-commands.md" />
    <File Path="docs/studio/output-and-state-panels.md" />
    <File Path="docs/studio/overview.md" />
    <File Path="docs/studio/performance.md" />
    <File Path="docs/studio/project-modules.md" />
    <File Path="docs/studio/referenced-solution-shape.md" />
    <File Path="docs/studio/scope-mvp-and-non-goals.md" />
    <File Path="docs/studio/settings.md" />
    <File Path="docs/studio/syntax-highlighting.md" />
    <File Path="docs/studio/technology-stack.md" />
    <File Path="docs/studio/testing-strategy.md" />
    <File Path="docs/studio/theming.md" />
    <File Path="docs/studio/visualization.md" />
    <File Path="docs/studio/workspace-integration.md" />
  </Folder>
  <Folder Name="/docs/toolchain/">
    <File Path="docs/toolchain/artifact-layout.md" />
    <File Path="docs/toolchain/build-process.md" />
    <File Path="docs/toolchain/project-format.md" />
    <File Path="docs/toolchain/roboexe-format.md" />
    <File Path="docs/toolchain/v1-toolchain-spec.md" />
  </Folder>
  <Folder Name="/docs/workspaces/">
    <File Path="docs/workspaces/README.md" />
    <File Path="docs/workspaces/artifact-layout.md" />
    <File Path="docs/workspaces/build-pipeline-integration.md" />
    <File Path="docs/workspaces/concrete-types-and-di.md" />
    <File Path="docs/workspaces/configuration.md" />
    <File Path="docs/workspaces/contracts.md" />
    <File Path="docs/workspaces/kinds.md" />
    <File Path="docs/workspaces/lesson-metadata.md" />
    <File Path="docs/workspaces/non-goals-and-summary.md" />
    <File Path="docs/workspaces/principles.md" />
    <File Path="docs/workspaces/project-loading.md" />
    <File Path="docs/workspaces/sessions-and-documents.md" />
    <File Path="docs/workspaces/studio-overlay-and-save.md" />
    <File Path="docs/workspaces/temporary-workspace.md" />
  </Folder>
  <Folder Name="/docs/world/">
    <File Path="docs/world/README.md" />
    <File Path="docs/world/actor-grid.md" />
    <File Path="docs/world/item-grid.md" />
    <File Path="docs/world/metrics-and-analysis.md" />
    <File Path="docs/world/movement-rules.md" />
    <File Path="docs/world/terrain-grid.md" />
    <File Path="docs/world/world-actions.md" />
    <File Path="docs/world/world-model.md" />
  </Folder>
  <Folder Name="/infrastructure/">
    <File Path=".editorconfig" />
    <File Path=".gitattributes" />
    <File Path=".githooks/GenerateDocDiagrams.cs" />
    <File Path=".githooks/README.md" />
    <File Path=".githooks/UpdateSlnx.cs" />
    <File Path=".githooks/pre-commit" />
    <File Path=".gitignore" />
    <File Path="AGENTS.md" />
    <File Path="Directory.Build.props" />
    <File Path="Directory.Build.targets" />
    <File Path="Directory.Packages.props" />
    <File Path="LICENSE" />
    <File Path="README.md" />
    <File Path="global.json" />
    <File Path="nuget.config" />
  </Folder>
  <Folder Name="/src/">
    <Project Path="src/RoboSharp.Application/RoboSharp.Application.csproj" />
    <Project Path="src/RoboSharp.Hosting/RoboSharp.Hosting.csproj" />
    <Project Path="src/RoboSharp.IL/RoboSharp.IL.csproj" />
    <Project Path="src/RoboSharp.IO/RoboSharp.IO.csproj" />
    <Project Path="src/RoboSharp.Language/RoboSharp.Language.csproj" />
    <Project Path="src/RoboSharp.Locales/RoboSharp.Locales.csproj" />
    <Project Path="src/RoboSharp.Player/RoboSharp.Player.csproj" />
    <Project Path="src/RoboSharp.Runtime/RoboSharp.Runtime.csproj" />
    <Project Path="src/RoboSharp.Semantics/RoboSharp.Semantics.csproj" />
    <Project Path="src/RoboSharp.Studio/RoboSharp.Studio.csproj" />
    <Project Path="src/RoboSharp.Toolchain/RoboSharp.Toolchain.csproj" />
    <Project Path="src/RoboSharp.Web/RoboSharp.Web.csproj" />
    <Project Path="src/RoboSharp.Workspaces/RoboSharp.Workspaces.csproj" />
    <Project Path="src/RoboSharp.World/RoboSharp.World.csproj" />
  </Folder>
  <Folder Name="/tests/">
    <Project Path="tests/RoboSharp.Application.Tests/RoboSharp.Application.Tests.csproj" />
    <Project Path="tests/RoboSharp.Architecture.Tests/RoboSharp.Architecture.Tests.csproj" />
    <Project Path="tests/RoboSharp.IL.Tests/RoboSharp.IL.Tests.csproj" />
    <Project Path="tests/RoboSharp.Integration.Tests/RoboSharp.Integration.Tests.csproj" />
    <Project Path="tests/RoboSharp.IO.Tests/RoboSharp.IO.Tests.csproj" />
    <Project Path="tests/RoboSharp.Language.Tests/RoboSharp.Language.Tests.csproj" />
    <Project Path="tests/RoboSharp.Locales.Tests/RoboSharp.Locales.Tests.csproj" />
    <Project Path="tests/RoboSharp.Runtime.Tests/RoboSharp.Runtime.Tests.csproj" />
    <Project Path="tests/RoboSharp.Semantics.Tests/RoboSharp.Semantics.Tests.csproj" />
    <Project Path="tests/RoboSharp.Toolchain.Tests/RoboSharp.Toolchain.Tests.csproj" />
    <Project Path="tests/RoboSharp.Workspaces.Tests/RoboSharp.Workspaces.Tests.csproj" />
    <Project Path="tests/RoboSharp.World.Tests/RoboSharp.World.Tests.csproj" />
  </Folder>
</Solution>
